
Microsoft Visual Studio Solution File, Format Version 12.00
# Visual Studio Version 17
VisualStudioVersion = 17.4.33122.133
MinimumVisualStudioVersion = 10.0.40219.1
Project("{FAE04EC0-301F-11D3-BF4B-00C04F79EFBC}") = "Forca", "Forca\Forca.csproj", "{91396A57-AAF5-4513-8A77-0952CB7A3F9B}"
EndProject
Global
	GlobalSection(SolutionConfigurationPlatforms) = preSolution
		Debug|Any CPU = Debug|Any CPU
		Release|Any CPU = Release|Any CPU
	EndGlobalSection
	GlobalSection(ProjectConfigurationPlatforms) = postSolution
		{91396A57-AAF5-4513-8A77-0952CB7A3F9B}.Debug|Any CPU.ActiveCfg = Debug|Any CPU
		{91396A57-AAF5-4513-8A77-0952CB7A3F9B}.Debug|Any CPU.Build.0 = Debug|Any CPU
		{91396A57-AAF5-4513-8A77-0952CB7A3F9B}.Release|Any CPU.ActiveCfg = Release|Any CPU
		{91396A57-AAF5-4513-8A77-0952CB7A3F9B}.Release|Any CPU.Build.0 = Release|Any CPU
	EndGlobalSection
	GlobalSection(SolutionProperties) = preSolution
		HideSolutionNode = FALSE
	EndGlobalSection
	GlobalSection(ExtensibilityGlobals) = postSolution
		SolutionGuid = {2C4FD3BB-71A8-494C-882F-56A51FA9D48D}
	EndGlobalSection
EndGlobal
